
Microsoft Visual Studio Solution File, Format Version 12.00
# Visual Studio 15
VisualStudioVersion = 15.0.26430.13
MinimumVisualStudioVersion = 10.0.40219.1
Project("{FAE04EC0-301F-11D3-BF4B-00C04F79EFBC}") = "BocHackathon.Android", "BocHackathon\BocHackathon.Android\BocHackathon.Android.csproj", "{5467D6B0-F4C8-4DE2-A94D-11556966CD35}"
EndProject
Project("{FAE04EC0-301F-11D3-BF4B-00C04F79EFBC}") = "BocHackathon", "BocHackathon\BocHackathon\BocHackathon.csproj", "{A24CFA3A-F0D1-4258-B359-6F4DEBF5D8E9}"
EndProject
Project("{FAE04EC0-301F-11D3-BF4B-00C04F79EFBC}") = "BocHackathon.UWP", "BocHackathon\BocHackathon.UWP\BocHackathon.UWP.csproj", "{80655F69-4181-407D-9564-40BDA1001C15}"
EndProject
Project("{FAE04EC0-301F-11D3-BF4B-00C04F79EFBC}") = "BocHackathon.iOS", "BocHackathon\BocHackathon.iOS\BocHackathon.iOS.csproj", "{C88AEB9B-2E2B-4EAB-9999-834BA9FB238A}"
EndProject
Global
	GlobalSection(SolutionConfigurationPlatforms) = preSolution
		Ad-Hoc|Any CPU = Ad-Hoc|Any CPU
		Ad-Hoc|ARM = Ad-Hoc|ARM
		Ad-Hoc|iPhone = Ad-Hoc|iPhone
		Ad-Hoc|iPhoneSimulator = Ad-Hoc|iPhoneSimulator
		Ad-Hoc|x64 = Ad-Hoc|x64
		Ad-Hoc|x86 = Ad-Hoc|x86
		AppStore|Any CPU = AppStore|Any CPU
		AppStore|ARM = AppStore|ARM
		AppStore|iPhone = AppStore|iPhone
		AppStore|iPhoneSimulator = AppStore|iPhoneSimulator
		AppStore|x64 = AppStore|x64
		AppStore|x86 = AppStore|x86
		Debug|Any CPU = Debug|Any CPU
		Debug|ARM = Debug|ARM
		Debug|iPhone = Debug|iPhone
		Debug|iPhoneSimulator = Debug|iPhoneSimulator
		Debug|x64 = Debug|x64
		Debug|x86 = Debug|x86
		Release|Any CPU = Release|Any CPU
		Release|ARM = Release|ARM
		Release|iPhone = Release|iPhone
		Release|iPhoneSimulator = Release|iPhoneSimulator
		Release|x64 = Release|x64
		Release|x86 = Release|x86
	EndGlobalSection
	GlobalSection(ProjectConfigurationPlatforms) = postSolution
		{5467D6B0-F4C8-4DE2-A94D-11556966CD35}.Ad-Hoc|Any CPU.ActiveCfg = Release|Any CPU
		{5467D6B0-F4C8-4DE2-A94D-11556966CD35}.Ad-Hoc|Any CPU.Build.0 = Release|Any CPU
		{5467D6B0-F4C8-4DE2-A94D-11556966CD35}.Ad-Hoc|Any CPU.Deploy.0 = Release|Any CPU
		{5467D6B0-F4C8-4DE2-A94D-11556966CD35}.Ad-Hoc|ARM.ActiveCfg = Release|Any CPU
		{5467D6B0-F4C8-4DE2-A94D-11556966CD35}.Ad-Hoc|ARM.Build.0 = Release|Any CPU
		{5467D6B0-F4C8-4DE2-A94D-11556966CD35}.Ad-Hoc|ARM.Deploy.0 = Release|Any CPU
		{5467D6B0-F4C8-4DE2-A94D-11556966CD35}.Ad-Hoc|iPhone.ActiveCfg = Release|Any CPU
		{5467D6B0-F4C8-4DE2-A94D-11556966CD35}.Ad-Hoc|iPhone.Build.0 = Release|Any CPU
		{5467D6B0-F4C8-4DE2-A94D-11556966CD35}.Ad-Hoc|iPhone.Deploy.0 = Release|Any CPU
		{5467D6B0-F4C8-4DE2-A94D-11556966CD35}.Ad-Hoc|iPhoneSimulator.ActiveCfg = Release|Any CPU
		{5467D6B0-F4C8-4DE2-A94D-11556966CD35}.Ad-Hoc|iPhoneSimulator.Build.0 = Release|Any CPU
		{5467D6B0-F4C8-4DE2-A94D-11556966CD35}.Ad-Hoc|iPhoneSimulator.Deploy.0 = Release|Any CPU
		{5467D6B0-F4C8-4DE2-A94D-11556966CD35}.Ad-Hoc|x64.ActiveCfg = Release|Any CPU
		{5467D6B0-F4C8-4DE2-A94D-11556966CD35}.Ad-Hoc|x64.Build.0 = Release|Any CPU
		{5467D6B0-F4C8-4DE2-A94D-11556966CD35}.Ad-Hoc|x64.Deploy.0 = Release|Any CPU
		{5467D6B0-F4C8-4DE2-A94D-11556966CD35}.Ad-Hoc|x86.ActiveCfg = Release|Any CPU
		{5467D6B0-F4C8-4DE2-A94D-11556966CD35}.Ad-Hoc|x86.Build.0 = Release|Any CPU
		{5467D6B0-F4C8-4DE2-A94D-11556966CD35}.Ad-Hoc|x86.Deploy.0 = Release|Any CPU
		{5467D6B0-F4C8-4DE2-A94D-11556966CD35}.AppStore|Any CPU.ActiveCfg = Release|Any CPU
		{5467D6B0-F4C8-4DE2-A94D-11556966CD35}.AppStore|Any CPU.Build.0 = Release|Any CPU
		{5467D6B0-F4C8-4DE2-A94D-11556966CD35}.AppStore|Any CPU.Deploy.0 = Release|Any CPU
		{5467D6B0-F4C8-4DE2-A94D-11556966CD35}.AppStore|ARM.ActiveCfg = Release|Any CPU
		{5467D6B0-F4C8-4DE2-A94D-11556966CD35}.AppStore|ARM.Build.0 = Release|Any CPU
		{5467D6B0-F4C8-4DE2-A94D-11556966CD35}.AppStore|ARM.Deploy.0 = Release|Any CPU
		{5467D6B0-F4C8-4DE2-A94D-11556966CD35}.AppStore|iPhone.ActiveCfg = Release|Any CPU
		{5467D6B0-F4C8-4DE2-A94D-11556966CD35}.AppStore|iPhone.Build.0 = Release|Any CPU
		{5467D6B0-F4C8-4DE2-A94D-11556966CD35}.AppStore|iPhone.Deploy.0 = Release|Any CPU
		{5467D6B0-F4C8-4DE2-A94D-11556966CD35}.AppStore|iPhoneSimulator.ActiveCfg = Release|Any CPU
		{5467D6B0-F4C8-4DE2-A94D-11556966CD35}.AppStore|iPhoneSimulator.Build.0 = Release|Any CPU
		{5467D6B0-F4C8-4DE2-A94D-11556966CD35}.AppStore|iPhoneSimulator.Deploy.0 = Release|Any CPU
		{5467D6B0-F4C8-4DE2-A94D-11556966CD35}.AppStore|x64.ActiveCfg = Release|Any CPU
		{5467D6B0-F4C8-4DE2-A94D-11556966CD35}.AppStore|x64.Build.0 = Release|Any CPU
		{5467D6B0-F4C8-4DE2-A94D-11556966CD35}.AppStore|x64.Deploy.0 = Release|Any CPU
		{5467D6B0-F4C8-4DE2-A94D-11556966CD35}.AppStore|x86.ActiveCfg = Release|Any CPU
		{5467D6B0-F4C8-4DE2-A94D-11556966CD35}.AppStore|x86.Build.0 = Release|Any CPU
		{5467D6B0-F4C8-4DE2-A94D-11556966CD35}.AppStore|x86.Deploy.0 = Release|Any CPU
		{5467D6B0-F4C8-4DE2-A94D-11556966CD35}.Debug|Any CPU.ActiveCfg = Debug|Any CPU
		{5467D6B0-F4C8-4DE2-A94D-11556966CD35}.Debug|Any CPU.Build.0 = Debug|Any CPU
		{5467D6B0-F4C8-4DE2-A94D-11556966CD35}.Debug|Any CPU.Deploy.0 = Debug|Any CPU
		{5467D6B0-F4C8-4DE2-A94D-11556966CD35}.Debug|ARM.ActiveCfg = Debug|Any CPU
		{5467D6B0-F4C8-4DE2-A94D-11556966CD35}.Debug|ARM.Build.0 = Debug|Any CPU
		{5467D6B0-F4C8-4DE2-A94D-11556966CD35}.Debug|ARM.Deploy.0 = Debug|Any CPU
		{5467D6B0-F4C8-4DE2-A94D-11556966CD35}.Debug|iPhone.ActiveCfg = Debug|Any CPU
		{5467D6B0-F4C8-4DE2-A94D-11556966CD35}.Debug|iPhone.Build.0 = Debug|Any CPU
		{5467D6B0-F4C8-4DE2-A94D-11556966CD35}.Debug|iPhone.Deploy.0 = Debug|Any CPU
		{5467D6B0-F4C8-4DE2-A94D-11556966CD35}.Debug|iPhoneSimulator.ActiveCfg = Debug|Any CPU
		{5467D6B0-F4C8-4DE2-A94D-11556966CD35}.Debug|iPhoneSimulator.Build.0 = Debug|Any CPU
		{5467D6B0-F4C8-4DE2-A94D-11556966CD35}.Debug|iPhoneSimulator.Deploy.0 = Debug|Any CPU
		{5467D6B0-F4C8-4DE2-A94D-11556966CD35}.Debug|x64.ActiveCfg = Debug|Any CPU
		{5467D6B0-F4C8-4DE2-A94D-11556966CD35}.Debug|x64.Build.0 = Debug|Any CPU
		{5467D6B0-F4C8-4DE2-A94D-11556966CD35}.Debug|x64.Deploy.0 = Debug|Any CPU
		{5467D6B0-F4C8-4DE2-A94D-11556966CD35}.Debug|x86.ActiveCfg = Debug|Any CPU
		{5467D6B0-F4C8-4DE2-A94D-11556966CD35}.Debug|x86.Build.0 = Debug|Any CPU
		{5467D6B0-F4C8-4DE2-A94D-11556966CD35}.Debug|x86.Deploy.0 = Debug|Any CPU
		{5467D6B0-F4C8-4DE2-A94D-11556966CD35}.Release|Any CPU.ActiveCfg = Release|Any CPU
		{5467D6B0-F4C8-4DE2-A94D-11556966CD35}.Release|Any CPU.Build.0 = Release|Any CPU
		{5467D6B0-F4C8-4DE2-A94D-11556966CD35}.Release|Any CPU.Deploy.0 = Release|Any CPU
		{5467D6B0-F4C8-4DE2-A94D-11556966CD35}.Release|ARM.ActiveCfg = Release|Any CPU
		{5467D6B0-F4C8-4DE2-A94D-11556966CD35}.Release|ARM.Build.0 = Release|Any CPU
		{5467D6B0-F4C8-4DE2-A94D-11556966CD35}.Release|ARM.Deploy.0 = Release|Any CPU
		{5467D6B0-F4C8-4DE2-A94D-11556966CD35}.Release|iPhone.ActiveCfg = Release|Any CPU
		{5467D6B0-F4C8-4DE2-A94D-11556966CD35}.Release|iPhone.Build.0 = Release|Any CPU
		{5467D6B0-F4C8-4DE2-A94D-11556966CD35}.Release|iPhone.Deploy.0 = Release|Any CPU
		{5467D6B0-F4C8-4DE2-A94D-11556966CD35}.Release|iPhoneSimulator.ActiveCfg = Release|Any CPU
		{5467D6B0-F4C8-4DE2-A94D-11556966CD35}.Release|iPhoneSimulator.Build.0 = Release|Any CPU
		{5467D6B0-F4C8-4DE2-A94D-11556966CD35}.Release|iPhoneSimulator.Deploy.0 = Release|Any CPU
		{5467D6B0-F4C8-4DE2-A94D-11556966CD35}.Release|x64.ActiveCfg = Release|Any CPU
		{5467D6B0-F4C8-4DE2-A94D-11556966CD35}.Release|x64.Build.0 = Release|Any CPU
		{5467D6B0-F4C8-4DE2-A94D-11556966CD35}.Release|x64.Deploy.0 = Release|Any CPU
		{5467D6B0-F4C8-4DE2-A94D-11556966CD35}.Release|x86.ActiveCfg = Release|Any CPU
		{5467D6B0-F4C8-4DE2-A94D-11556966CD35}.Release|x86.Build.0 = Release|Any CPU
		{5467D6B0-F4C8-4DE2-A94D-11556966CD35}.Release|x86.Deploy.0 = Release|Any CPU
		{A24CFA3A-F0D1-4258-B359-6F4DEBF5D8E9}.Ad-Hoc|Any CPU.ActiveCfg = Release|Any CPU
		{A24CFA3A-F0D1-4258-B359-6F4DEBF5D8E9}.Ad-Hoc|Any CPU.Build.0 = Release|Any CPU
		{A24CFA3A-F0D1-4258-B359-6F4DEBF5D8E9}.Ad-Hoc|ARM.ActiveCfg = Release|Any CPU
		{A24CFA3A-F0D1-4258-B359-6F4DEBF5D8E9}.Ad-Hoc|ARM.Build.0 = Release|Any CPU
		{A24CFA3A-F0D1-4258-B359-6F4DEBF5D8E9}.Ad-Hoc|iPhone.ActiveCfg = Release|Any CPU
		{A24CFA3A-F0D1-4258-B359-6F4DEBF5D8E9}.Ad-Hoc|iPhone.Build.0 = Release|Any CPU
		{A24CFA3A-F0D1-4258-B359-6F4DEBF5D8E9}.Ad-Hoc|iPhoneSimulator.ActiveCfg = Release|Any CPU
		{A24CFA3A-F0D1-4258-B359-6F4DEBF5D8E9}.Ad-Hoc|iPhoneSimulator.Build.0 = Release|Any CPU
		{A24CFA3A-F0D1-4258-B359-6F4DEBF5D8E9}.Ad-Hoc|x64.ActiveCfg = Release|Any CPU
		{A24CFA3A-F0D1-4258-B359-6F4DEBF5D8E9}.Ad-Hoc|x64.Build.0 = Release|Any CPU
		{A24CFA3A-F0D1-4258-B359-6F4DEBF5D8E9}.Ad-Hoc|x86.ActiveCfg = Release|Any CPU
		{A24CFA3A-F0D1-4258-B359-6F4DEBF5D8E9}.Ad-Hoc|x86.Build.0 = Release|Any CPU
		{A24CFA3A-F0D1-4258-B359-6F4DEBF5D8E9}.AppStore|Any CPU.ActiveCfg = Release|Any CPU
		{A24CFA3A-F0D1-4258-B359-6F4DEBF5D8E9}.AppStore|Any CPU.Build.0 = Release|Any CPU
		{A24CFA3A-F0D1-4258-B359-6F4DEBF5D8E9}.AppStore|ARM.ActiveCfg = Release|Any CPU
		{A24CFA3A-F0D1-4258-B359-6F4DEBF5D8E9}.AppStore|ARM.Build.0 = Release|Any CPU
		{A24CFA3A-F0D1-4258-B359-6F4DEBF5D8E9}.AppStore|iPhone.ActiveCfg = Release|Any CPU
		{A24CFA3A-F0D1-4258-B359-6F4DEBF5D8E9}.AppStore|iPhone.Build.0 = Release|Any CPU
		{A24CFA3A-F0D1-4258-B359-6F4DEBF5D8E9}.AppStore|iPhoneSimulator.ActiveCfg = Release|Any CPU
		{A24CFA3A-F0D1-4258-B359-6F4DEBF5D8E9}.AppStore|iPhoneSimulator.Build.0 = Release|Any CPU
		{A24CFA3A-F0D1-4258-B359-6F4DEBF5D8E9}.AppStore|x64.ActiveCfg = Release|Any CPU
		{A24CFA3A-F0D1-4258-B359-6F4DEBF5D8E9}.AppStore|x64.Build.0 = Release|Any CPU
		{A24CFA3A-F0D1-4258-B359-6F4DEBF5D8E9}.AppStore|x86.ActiveCfg = Release|Any CPU
		{A24CFA3A-F0D1-4258-B359-6F4DEBF5D8E9}.AppStore|x86.Build.0 = Release|Any CPU
		{A24CFA3A-F0D1-4258-B359-6F4DEBF5D8E9}.Debug|Any CPU.ActiveCfg = Debug|Any CPU
		{A24CFA3A-F0D1-4258-B359-6F4DEBF5D8E9}.Debug|Any CPU.Build.0 = Debug|Any CPU
		{A24CFA3A-F0D1-4258-B359-6F4DEBF5D8E9}.Debug|ARM.ActiveCfg = Debug|Any CPU
		{A24CFA3A-F0D1-4258-B359-6F4DEBF5D8E9}.Debug|ARM.Build.0 = Debug|Any CPU
		{A24CFA3A-F0D1-4258-B359-6F4DEBF5D8E9}.Debug|iPhone.ActiveCfg = Debug|Any CPU
		{A24CFA3A-F0D1-4258-B359-6F4DEBF5D8E9}.Debug|iPhone.Build.0 = Debug|Any CPU
		{A24CFA3A-F0D1-4258-B359-6F4DEBF5D8E9}.Debug|iPhoneSimulator.ActiveCfg = Debug|Any CPU
		{A24CFA3A-F0D1-4258-B359-6F4DEBF5D8E9}.Debug|iPhoneSimulator.Build.0 = Debug|Any CPU
		{A24CFA3A-F0D1-4258-B359-6F4DEBF5D8E9}.Debug|x64.ActiveCfg = Debug|Any CPU
		{A24CFA3A-F0D1-4258-B359-6F4DEBF5D8E9}.Debug|x64.Build.0 = Debug|Any CPU
		{A24CFA3A-F0D1-4258-B359-6F4DEBF5D8E9}.Debug|x86.ActiveCfg = Debug|Any CPU
		{A24CFA3A-F0D1-4258-B359-6F4DEBF5D8E9}.Debug|x86.Build.0 = Debug|Any CPU
		{A24CFA3A-F0D1-4258-B359-6F4DEBF5D8E9}.Release|Any CPU.ActiveCfg = Release|Any CPU
		{A24CFA3A-F0D1-4258-B359-6F4DEBF5D8E9}.Release|Any CPU.Build.0 = Release|Any CPU
		{A24CFA3A-F0D1-4258-B359-6F4DEBF5D8E9}.Release|ARM.ActiveCfg = Release|Any CPU
		{A24CFA3A-F0D1-4258-B359-6F4DEBF5D8E9}.Release|ARM.Build.0 = Release|Any CPU
		{A24CFA3A-F0D1-4258-B359-6F4DEBF5D8E9}.Release|iPhone.ActiveCfg = Release|Any CPU
		{A24CFA3A-F0D1-4258-B359-6F4DEBF5D8E9}.Release|iPhone.Build.0 = Release|Any CPU
		{A24CFA3A-F0D1-4258-B359-6F4DEBF5D8E9}.Release|iPhoneSimulator.ActiveCfg = Release|Any CPU
		{A24CFA3A-F0D1-4258-B359-6F4DEBF5D8E9}.Release|iPhoneSimulator.Build.0 = Release|Any CPU
		{A24CFA3A-F0D1-4258-B359-6F4DEBF5D8E9}.Release|x64.ActiveCfg = Release|Any CPU
		{A24CFA3A-F0D1-4258-B359-6F4DEBF5D8E9}.Release|x64.Build.0 = Release|Any CPU
		{A24CFA3A-F0D1-4258-B359-6F4DEBF5D8E9}.Release|x86.ActiveCfg = Release|Any CPU
		{A24CFA3A-F0D1-4258-B359-6F4DEBF5D8E9}.Release|x86.Build.0 = Release|Any CPU
		{80655F69-4181-407D-9564-40BDA1001C15}.Ad-Hoc|Any CPU.ActiveCfg = Release|x86
		{80655F69-4181-407D-9564-40BDA1001C15}.Ad-Hoc|Any CPU.Build.0 = Release|x86
		{80655F69-4181-407D-9564-40BDA1001C15}.Ad-Hoc|Any CPU.Deploy.0 = Release|x86
		{80655F69-4181-407D-9564-40BDA1001C15}.Ad-Hoc|ARM.ActiveCfg = Release|ARM
		{80655F69-4181-407D-9564-40BDA1001C15}.Ad-Hoc|ARM.Build.0 = Release|ARM
		{80655F69-4181-407D-9564-40BDA1001C15}.Ad-Hoc|ARM.Deploy.0 = Release|ARM
		{80655F69-4181-407D-9564-40BDA1001C15}.Ad-Hoc|iPhone.ActiveCfg = Release|x86
		{80655F69-4181-407D-9564-40BDA1001C15}.Ad-Hoc|iPhone.Build.0 = Release|x86
		{80655F69-4181-407D-9564-40BDA1001C15}.Ad-Hoc|iPhone.Deploy.0 = Release|x86
		{80655F69-4181-407D-9564-40BDA1001C15}.Ad-Hoc|iPhoneSimulator.ActiveCfg = Release|x86
		{80655F69-4181-407D-9564-40BDA1001C15}.Ad-Hoc|iPhoneSimulator.Build.0 = Release|x86
		{80655F69-4181-407D-9564-40BDA1001C15}.Ad-Hoc|iPhoneSimulator.Deploy.0 = Release|x86
		{80655F69-4181-407D-9564-40BDA1001C15}.Ad-Hoc|x64.ActiveCfg = Release|x64
		{80655F69-4181-407D-9564-40BDA1001C15}.Ad-Hoc|x64.Build.0 = Release|x64
		{80655F69-4181-407D-9564-40BDA1001C15}.Ad-Hoc|x64.Deploy.0 = Release|x64
		{80655F69-4181-407D-9564-40BDA1001C15}.Ad-Hoc|x86.ActiveCfg = Release|x86
		{80655F69-4181-407D-9564-40BDA1001C15}.Ad-Hoc|x86.Build.0 = Release|x86
		{80655F69-4181-407D-9564-40BDA1001C15}.Ad-Hoc|x86.Deploy.0 = Release|x86
		{80655F69-4181-407D-9564-40BDA1001C15}.AppStore|Any CPU.ActiveCfg = Release|x86
		{80655F69-4181-407D-9564-40BDA1001C15}.AppStore|Any CPU.Build.0 = Release|x86
		{80655F69-4181-407D-9564-40BDA1001C15}.AppStore|Any CPU.Deploy.0 = Release|x86
		{80655F69-4181-407D-9564-40BDA1001C15}.AppStore|ARM.ActiveCfg = Release|ARM
		{80655F69-4181-407D-9564-40BDA1001C15}.AppStore|ARM.Build.0 = Release|ARM
		{80655F69-4181-407D-9564-40BDA1001C15}.AppStore|ARM.Deploy.0 = Release|ARM
		{80655F69-4181-407D-9564-40BDA1001C15}.AppStore|iPhone.ActiveCfg = Release|x86
		{80655F69-4181-407D-9564-40BDA1001C15}.AppStore|iPhone.Build.0 = Release|x86
		{80655F69-4181-407D-9564-40BDA1001C15}.AppStore|iPhone.Deploy.0 = Release|x86
		{80655F69-4181-407D-9564-40BDA1001C15}.AppStore|iPhoneSimulator.ActiveCfg = Release|x86
		{80655F69-4181-407D-9564-40BDA1001C15}.AppStore|iPhoneSimulator.Build.0 = Release|x86
		{80655F69-4181-407D-9564-40BDA1001C15}.AppStore|iPhoneSimulator.Deploy.0 = Release|x86
		{80655F69-4181-407D-9564-40BDA1001C15}.AppStore|x64.ActiveCfg = Release|x64
		{80655F69-4181-407D-9564-40BDA1001C15}.AppStore|x64.Build.0 = Release|x64
		{80655F69-4181-407D-9564-40BDA1001C15}.AppStore|x64.Deploy.0 = Release|x64
		{80655F69-4181-407D-9564-40BDA1001C15}.AppStore|x86.ActiveCfg = Release|x86
		{80655F69-4181-407D-9564-40BDA1001C15}.AppStore|x86.Build.0 = Release|x86
		{80655F69-4181-407D-9564-40BDA1001C15}.AppStore|x86.Deploy.0 = Release|x86
		{80655F69-4181-407D-9564-40BDA1001C15}.Debug|Any CPU.ActiveCfg = Debug|x86
		{80655F69-4181-407D-9564-40BDA1001C15}.Debug|ARM.ActiveCfg = Debug|ARM
		{80655F69-4181-407D-9564-40BDA1001C15}.Debug|ARM.Build.0 = Debug|ARM
		{80655F69-4181-407D-9564-40BDA1001C15}.Debug|ARM.Deploy.0 = Debug|ARM
		{80655F69-4181-407D-9564-40BDA1001C15}.Debug|iPhone.ActiveCfg = Debug|x86
		{80655F69-4181-407D-9564-40BDA1001C15}.Debug|iPhoneSimulator.ActiveCfg = Debug|x86
		{80655F69-4181-407D-9564-40BDA1001C15}.Debug|x64.ActiveCfg = Debug|x64
		{80655F69-4181-407D-9564-40BDA1001C15}.Debug|x64.Build.0 = Debug|x64
		{80655F69-4181-407D-9564-40BDA1001C15}.Debug|x64.Deploy.0 = Debug|x64
		{80655F69-4181-407D-9564-40BDA1001C15}.Debug|x86.ActiveCfg = Debug|x86
		{80655F69-4181-407D-9564-40BDA1001C15}.Debug|x86.Build.0 = Debug|x86
		{80655F69-4181-407D-9564-40BDA1001C15}.Debug|x86.Deploy.0 = Debug|x86
		{80655F69-4181-407D-9564-40BDA1001C15}.Release|Any CPU.ActiveCfg = Release|x86
		{80655F69-4181-407D-9564-40BDA1001C15}.Release|ARM.ActiveCfg = Release|ARM
		{80655F69-4181-407D-9564-40BDA1001C15}.Release|ARM.Build.0 = Release|ARM
		{80655F69-4181-407D-9564-40BDA1001C15}.Release|ARM.Deploy.0 = Release|ARM
		{80655F69-4181-407D-9564-40BDA1001C15}.Release|iPhone.ActiveCfg = Release|x86
		{80655F69-4181-407D-9564-40BDA1001C15}.Release|iPhoneSimulator.ActiveCfg = Release|x86
		{80655F69-4181-407D-9564-40BDA1001C15}.Release|x64.ActiveCfg = Release|x64
		{80655F69-4181-407D-9564-40BDA1001C15}.Release|x64.Build.0 = Release|x64
		{80655F69-4181-407D-9564-40BDA1001C15}.Release|x64.Deploy.0 = Release|x64
		{80655F69-4181-407D-9564-40BDA1001C15}.Release|x86.ActiveCfg = Release|x86
		{80655F69-4181-407D-9564-40BDA1001C15}.Release|x86.Build.0 = Release|x86
		{80655F69-4181-407D-9564-40BDA1001C15}.Release|x86.Deploy.0 = Release|x86
		{C88AEB9B-2E2B-4EAB-9999-834BA9FB238A}.Ad-Hoc|Any CPU.ActiveCfg = Ad-Hoc|iPhone
		{C88AEB9B-2E2B-4EAB-9999-834BA9FB238A}.Ad-Hoc|ARM.ActiveCfg = Ad-Hoc|iPhone
		{C88AEB9B-2E2B-4EAB-9999-834BA9FB238A}.Ad-Hoc|iPhone.ActiveCfg = Ad-Hoc|iPhone
		{C88AEB9B-2E2B-4EAB-9999-834BA9FB238A}.Ad-Hoc|iPhone.Build.0 = Ad-Hoc|iPhone
		{C88AEB9B-2E2B-4EAB-9999-834BA9FB238A}.Ad-Hoc|iPhoneSimulator.ActiveCfg = Ad-Hoc|iPhoneSimulator
		{C88AEB9B-2E2B-4EAB-9999-834BA9FB238A}.Ad-Hoc|iPhoneSimulator.Build.0 = Ad-Hoc|iPhoneSimulator
		{C88AEB9B-2E2B-4EAB-9999-834BA9FB238A}.Ad-Hoc|x64.ActiveCfg = Ad-Hoc|iPhone
		{C88AEB9B-2E2B-4EAB-9999-834BA9FB238A}.Ad-Hoc|x86.ActiveCfg = Ad-Hoc|iPhone
		{C88AEB9B-2E2B-4EAB-9999-834BA9FB238A}.AppStore|Any CPU.ActiveCfg = AppStore|iPhone
		{C88AEB9B-2E2B-4EAB-9999-834BA9FB238A}.AppStore|ARM.ActiveCfg = AppStore|iPhone
		{C88AEB9B-2E2B-4EAB-9999-834BA9FB238A}.AppStore|iPhone.ActiveCfg = AppStore|iPhone
		{C88AEB9B-2E2B-4EAB-9999-834BA9FB238A}.AppStore|iPhone.Build.0 = AppStore|iPhone
		{C88AEB9B-2E2B-4EAB-9999-834BA9FB238A}.AppStore|iPhoneSimulator.ActiveCfg = AppStore|iPhoneSimulator
		{C88AEB9B-2E2B-4EAB-9999-834BA9FB238A}.AppStore|iPhoneSimulator.Build.0 = AppStore|iPhoneSimulator
		{C88AEB9B-2E2B-4EAB-9999-834BA9FB238A}.AppStore|x64.ActiveCfg = AppStore|iPhone
		{C88AEB9B-2E2B-4EAB-9999-834BA9FB238A}.AppStore|x86.ActiveCfg = AppStore|iPhone
		{C88AEB9B-2E2B-4EAB-9999-834BA9FB238A}.Debug|Any CPU.ActiveCfg = Debug|iPhone
		{C88AEB9B-2E2B-4EAB-9999-834BA9FB238A}.Debug|ARM.ActiveCfg = Debug|iPhone
		{C88AEB9B-2E2B-4EAB-9999-834BA9FB238A}.Debug|iPhone.ActiveCfg = Debug|iPhone
		{C88AEB9B-2E2B-4EAB-9999-834BA9FB238A}.Debug|iPhone.Build.0 = Debug|iPhone
		{C88AEB9B-2E2B-4EAB-9999-834BA9FB238A}.Debug|iPhoneSimulator.ActiveCfg = Debug|iPhoneSimulator
		{C88AEB9B-2E2B-4EAB-9999-834BA9FB238A}.Debug|iPhoneSimulator.Build.0 = Debug|iPhoneSimulator
		{C88AEB9B-2E2B-4EAB-9999-834BA9FB238A}.Debug|x64.ActiveCfg = Debug|iPhone
		{C88AEB9B-2E2B-4EAB-9999-834BA9FB238A}.Debug|x86.ActiveCfg = Debug|iPhone
		{C88AEB9B-2E2B-4EAB-9999-834BA9FB238A}.Release|Any CPU.ActiveCfg = Release|iPhone
		{C88AEB9B-2E2B-4EAB-9999-834BA9FB238A}.Release|ARM.ActiveCfg = Release|iPhone
		{C88AEB9B-2E2B-4EAB-9999-834BA9FB238A}.Release|iPhone.ActiveCfg = Release|iPhone
		{C88AEB9B-2E2B-4EAB-9999-834BA9FB238A}.Release|iPhone.Build.0 = Release|iPhone
		{C88AEB9B-2E2B-4EAB-9999-834BA9FB238A}.Release|iPhoneSimulator.ActiveCfg = Release|iPhoneSimulator
		{C88AEB9B-2E2B-4EAB-9999-834BA9FB238A}.Release|iPhoneSimulator.Build.0 = Release|iPhoneSimulator
		{C88AEB9B-2E2B-4EAB-9999-834BA9FB238A}.Release|x64.ActiveCfg = Release|iPhone
		{C88AEB9B-2E2B-4EAB-9999-834BA9FB238A}.Release|x86.ActiveCfg = Release|iPhone
	EndGlobalSection
	GlobalSection(SolutionProperties) = preSolution
		HideSolutionNode = FALSE
	EndGlobalSection
EndGlobal
